
Microsoft Visual Studio Solution File, Format Version 12.00
# Visual Studio 15
VisualStudioVersion = 15.0.27428.2037
MinimumVisualStudioVersion = 10.0.40219.1
Project("{FAE04EC0-301F-11D3-BF4B-00C04F79EFBC}") = "GenealogyWebAPI", "GenealogyWebAPI\GenealogyWebAPI.csproj", "{F3FA8415-803E-48D2-82B0-5CE7F54A2442}"
EndProject
Project("{2150E333-8FDC-42A3-9474-1A3956D46DE8}") = "Extensions", "Extensions", "{F3A33C95-9387-4D71-AB9E-18521C94830F}"
EndProject
Project("{9A19103F-16F7-4668-BE54-9A1E7A4F7556}") = "Microsoft.AspNetCore.HealthChecks", "Extensions\Microsoft.AspNetCore.HealthChecks\Microsoft.AspNetCore.HealthChecks.csproj", "{847945AB-F659-4985-998A-86AF7BAD490D}"
EndProject
Project("{9A19103F-16F7-4668-BE54-9A1E7A4F7556}") = "Microsoft.Extensions.HealthChecks", "Extensions\Microsoft.Extensions.HealthChecks\Microsoft.Extensions.HealthChecks.csproj", "{BC72527D-5E98-446F-9522-8E9A33E7D371}"
EndProject
Project("{2150E333-8FDC-42A3-9474-1A3956D46DE8}") = "Solution Items", "Solution Items", "{85B85411-5948-4F58-AB38-2B7B58C1CF8A}"
	ProjectSection(SolutionItems) = preProject
		GenerateClientSdk.ps1 = GenerateClientSdk.ps1
	EndProjectSection
EndProject
Project("{9A19103F-16F7-4668-BE54-9A1E7A4F7556}") = "GenealogyWebAPI.ClientSdk", "GenealogyWebAPI.ClientSdk\GenealogyWebAPI.ClientSdk.csproj", "{7DD281B8-E70D-46A5-9488-16A76C3060F5}"
EndProject
Project("{FAE04EC0-301F-11D3-BF4B-00C04F79EFBC}") = "GenealogyWebAPI.IntegrationTests", "GenealogyWebAPI.IntegrationTests\GenealogyWebAPI.IntegrationTests.csproj", "{14011625-2270-4BB5-934A-ECFB075DF450}"
EndProject
Global
	GlobalSection(SolutionConfigurationPlatforms) = preSolution
		Debug|Any CPU = Debug|Any CPU
		Release|Any CPU = Release|Any CPU
	EndGlobalSection
	GlobalSection(ProjectConfigurationPlatforms) = postSolution
		{F3FA8415-803E-48D2-82B0-5CE7F54A2442}.Debug|Any CPU.ActiveCfg = Debug|Any CPU
		{F3FA8415-803E-48D2-82B0-5CE7F54A2442}.Debug|Any CPU.Build.0 = Debug|Any CPU
		{F3FA8415-803E-48D2-82B0-5CE7F54A2442}.Release|Any CPU.ActiveCfg = Release|Any CPU
		{F3FA8415-803E-48D2-82B0-5CE7F54A2442}.Release|Any CPU.Build.0 = Release|Any CPU
		{847945AB-F659-4985-998A-86AF7BAD490D}.Debug|Any CPU.ActiveCfg = Debug|Any CPU
		{847945AB-F659-4985-998A-86AF7BAD490D}.Debug|Any CPU.Build.0 = Debug|Any CPU
		{847945AB-F659-4985-998A-86AF7BAD490D}.Release|Any CPU.ActiveCfg = Release|Any CPU
		{847945AB-F659-4985-998A-86AF7BAD490D}.Release|Any CPU.Build.0 = Release|Any CPU
		{BC72527D-5E98-446F-9522-8E9A33E7D371}.Debug|Any CPU.ActiveCfg = Debug|Any CPU
		{BC72527D-5E98-446F-9522-8E9A33E7D371}.Debug|Any CPU.Build.0 = Debug|Any CPU
		{BC72527D-5E98-446F-9522-8E9A33E7D371}.Release|Any CPU.ActiveCfg = Release|Any CPU
		{BC72527D-5E98-446F-9522-8E9A33E7D371}.Release|Any CPU.Build.0 = Release|Any CPU
		{7DD281B8-E70D-46A5-9488-16A76C3060F5}.Debug|Any CPU.ActiveCfg = Debug|Any CPU
		{7DD281B8-E70D-46A5-9488-16A76C3060F5}.Debug|Any CPU.Build.0 = Debug|Any CPU
		{7DD281B8-E70D-46A5-9488-16A76C3060F5}.Release|Any CPU.ActiveCfg = Release|Any CPU
		{7DD281B8-E70D-46A5-9488-16A76C3060F5}.Release|Any CPU.Build.0 = Release|Any CPU
		{14011625-2270-4BB5-934A-ECFB075DF450}.Debug|Any CPU.ActiveCfg = Debug|Any CPU
		{14011625-2270-4BB5-934A-ECFB075DF450}.Debug|Any CPU.Build.0 = Debug|Any CPU
		{14011625-2270-4BB5-934A-ECFB075DF450}.Release|Any CPU.ActiveCfg = Release|Any CPU
		{14011625-2270-4BB5-934A-ECFB075DF450}.Release|Any CPU.Build.0 = Release|Any CPU
	EndGlobalSection
	GlobalSection(SolutionProperties) = preSolution
		HideSolutionNode = FALSE
	EndGlobalSection
	GlobalSection(NestedProjects) = preSolution
		{847945AB-F659-4985-998A-86AF7BAD490D} = {F3A33C95-9387-4D71-AB9E-18521C94830F}
		{BC72527D-5E98-446F-9522-8E9A33E7D371} = {F3A33C95-9387-4D71-AB9E-18521C94830F}
	EndGlobalSection
	GlobalSection(ExtensibilityGlobals) = postSolution
		SolutionGuid = {F43B3905-DA84-4B0B-8760-B49A226CBDA9}
	EndGlobalSection
EndGlobal
