
Microsoft Visual Studio Solution File, Format Version 12.00
# Visual Studio 15
VisualStudioVersion = 15.0.27428.2037
MinimumVisualStudioVersion = 10.0.40219.1
Project("{FAE04EC0-301F-11D3-BF4B-00C04F79EFBC}") = "GenealogyWebAPI", "GenealogyWebAPI\GenealogyWebAPI.csproj", "{F3FA8415-803E-48D2-82B0-5CE7F54A2442}"
EndProject
Global
	GlobalSection(SolutionConfigurationPlatforms) = preSolution
		Debug|Any CPU = Debug|Any CPU
		Release|Any CPU = Release|Any CPU
	EndGlobalSection
	GlobalSection(ProjectConfigurationPlatforms) = postSolution
		{F3FA8415-803E-48D2-82B0-5CE7F54A2442}.Debug|Any CPU.ActiveCfg = Debug|Any CPU
		{F3FA8415-803E-48D2-82B0-5CE7F54A2442}.Debug|Any CPU.Build.0 = Debug|Any CPU
		{F3FA8415-803E-48D2-82B0-5CE7F54A2442}.Release|Any CPU.ActiveCfg = Release|Any CPU
		{F3FA8415-803E-48D2-82B0-5CE7F54A2442}.Release|Any CPU.Build.0 = Release|Any CPU
	EndGlobalSection
	GlobalSection(SolutionProperties) = preSolution
		HideSolutionNode = FALSE
	EndGlobalSection
	GlobalSection(ExtensibilityGlobals) = postSolution
		SolutionGuid = {F43B3905-DA84-4B0B-8760-B49A226CBDA9}
	EndGlobalSection
EndGlobal
